
Microsoft Visual Studio Solution File, Format Version 12.00
# Visual Studio 15
VisualStudioVersion = 15.0.28307.1062
MinimumVisualStudioVersion = 10.0.40219.1
Project("{FAE04EC0-301F-11D3-BF4B-00C04F79EFBC}") = "SindProjetoUI.Android", "SindProjetoUI\SindProjetoUI.Android\SindProjetoUI.Android.csproj", "{7CC69837-FA32-405E-9337-608153D0196A}"
EndProject
Project("{FAE04EC0-301F-11D3-BF4B-00C04F79EFBC}") = "SindProjetoUI.iOS", "SindProjetoUI\SindProjetoUI.iOS\SindProjetoUI.iOS.csproj", "{741F9201-BF71-45C4-8088-860C33EB296E}"
EndProject
Project("{9A19103F-16F7-4668-BE54-9A1E7A4F7556}") = "SindProjetoUI", "SindProjetoUI\SindProjetoUI\SindProjetoUI.csproj", "{77DB427C-AABD-40D7-9466-AEB596A7249F}"
EndProject
Global
	GlobalSection(SolutionConfigurationPlatforms) = preSolution
		Ad-Hoc|Any CPU = Ad-Hoc|Any CPU
		Ad-Hoc|iPhone = Ad-Hoc|iPhone
		Ad-Hoc|iPhoneSimulator = Ad-Hoc|iPhoneSimulator
		AppStore|Any CPU = AppStore|Any CPU
		AppStore|iPhone = AppStore|iPhone
		AppStore|iPhoneSimulator = AppStore|iPhoneSimulator
		Debug|Any CPU = Debug|Any CPU
		Debug|iPhone = Debug|iPhone
		Debug|iPhoneSimulator = Debug|iPhoneSimulator
		Release|Any CPU = Release|Any CPU
		Release|iPhone = Release|iPhone
		Release|iPhoneSimulator = Release|iPhoneSimulator
	EndGlobalSection
	GlobalSection(ProjectConfigurationPlatforms) = postSolution
		{7CC69837-FA32-405E-9337-608153D0196A}.Ad-Hoc|Any CPU.ActiveCfg = Release|Any CPU
		{7CC69837-FA32-405E-9337-608153D0196A}.Ad-Hoc|Any CPU.Build.0 = Release|Any CPU
		{7CC69837-FA32-405E-9337-608153D0196A}.Ad-Hoc|Any CPU.Deploy.0 = Release|Any CPU
		{7CC69837-FA32-405E-9337-608153D0196A}.Ad-Hoc|iPhone.ActiveCfg = Release|Any CPU
		{7CC69837-FA32-405E-9337-608153D0196A}.Ad-Hoc|iPhone.Build.0 = Release|Any CPU
		{7CC69837-FA32-405E-9337-608153D0196A}.Ad-Hoc|iPhone.Deploy.0 = Release|Any CPU
		{7CC69837-FA32-405E-9337-608153D0196A}.Ad-Hoc|iPhoneSimulator.ActiveCfg = Release|Any CPU
		{7CC69837-FA32-405E-9337-608153D0196A}.Ad-Hoc|iPhoneSimulator.Build.0 = Release|Any CPU
		{7CC69837-FA32-405E-9337-608153D0196A}.Ad-Hoc|iPhoneSimulator.Deploy.0 = Release|Any CPU
		{7CC69837-FA32-405E-9337-608153D0196A}.AppStore|Any CPU.ActiveCfg = Release|Any CPU
		{7CC69837-FA32-405E-9337-608153D0196A}.AppStore|Any CPU.Build.0 = Release|Any CPU
		{7CC69837-FA32-405E-9337-608153D0196A}.AppStore|Any CPU.Deploy.0 = Release|Any CPU
		{7CC69837-FA32-405E-9337-608153D0196A}.AppStore|iPhone.ActiveCfg = Release|Any CPU
		{7CC69837-FA32-405E-9337-608153D0196A}.AppStore|iPhone.Build.0 = Release|Any CPU
		{7CC69837-FA32-405E-9337-608153D0196A}.AppStore|iPhone.Deploy.0 = Release|Any CPU
		{7CC69837-FA32-405E-9337-608153D0196A}.AppStore|iPhoneSimulator.ActiveCfg = Release|Any CPU
		{7CC69837-FA32-405E-9337-608153D0196A}.AppStore|iPhoneSimulator.Build.0 = Release|Any CPU
		{7CC69837-FA32-405E-9337-608153D0196A}.AppStore|iPhoneSimulator.Deploy.0 = Release|Any CPU
		{7CC69837-FA32-405E-9337-608153D0196A}.Debug|Any CPU.ActiveCfg = Debug|Any CPU
		{7CC69837-FA32-405E-9337-608153D0196A}.Debug|Any CPU.Build.0 = Debug|Any CPU
		{7CC69837-FA32-405E-9337-608153D0196A}.Debug|Any CPU.Deploy.0 = Debug|Any CPU
		{7CC69837-FA32-405E-9337-608153D0196A}.Debug|iPhone.ActiveCfg = Debug|Any CPU
		{7CC69837-FA32-405E-9337-608153D0196A}.Debug|iPhone.Build.0 = Debug|Any CPU
		{7CC69837-FA32-405E-9337-608153D0196A}.Debug|iPhone.Deploy.0 = Debug|Any CPU
		{7CC69837-FA32-405E-9337-608153D0196A}.Debug|iPhoneSimulator.ActiveCfg = Debug|Any CPU
		{7CC69837-FA32-405E-9337-608153D0196A}.Debug|iPhoneSimulator.Build.0 = Debug|Any CPU
		{7CC69837-FA32-405E-9337-608153D0196A}.Debug|iPhoneSimulator.Deploy.0 = Debug|Any CPU
		{7CC69837-FA32-405E-9337-608153D0196A}.Release|Any CPU.ActiveCfg = Release|Any CPU
		{7CC69837-FA32-405E-9337-608153D0196A}.Release|Any CPU.Build.0 = Release|Any CPU
		{7CC69837-FA32-405E-9337-608153D0196A}.Release|Any CPU.Deploy.0 = Release|Any CPU
		{7CC69837-FA32-405E-9337-608153D0196A}.Release|iPhone.ActiveCfg = Release|Any CPU
		{7CC69837-FA32-405E-9337-608153D0196A}.Release|iPhone.Build.0 = Release|Any CPU
		{7CC69837-FA32-405E-9337-608153D0196A}.Release|iPhone.Deploy.0 = Release|Any CPU
		{7CC69837-FA32-405E-9337-608153D0196A}.Release|iPhoneSimulator.ActiveCfg = Release|Any CPU
		{7CC69837-FA32-405E-9337-608153D0196A}.Release|iPhoneSimulator.Build.0 = Release|Any CPU
		{7CC69837-FA32-405E-9337-608153D0196A}.Release|iPhoneSimulator.Deploy.0 = Release|Any CPU
		{741F9201-BF71-45C4-8088-860C33EB296E}.Ad-Hoc|Any CPU.ActiveCfg = Ad-Hoc|iPhone
		{741F9201-BF71-45C4-8088-860C33EB296E}.Ad-Hoc|Any CPU.Build.0 = Ad-Hoc|iPhone
		{741F9201-BF71-45C4-8088-860C33EB296E}.Ad-Hoc|Any CPU.Deploy.0 = Ad-Hoc|iPhone
		{741F9201-BF71-45C4-8088-860C33EB296E}.Ad-Hoc|iPhone.ActiveCfg = Ad-Hoc|iPhone
		{741F9201-BF71-45C4-8088-860C33EB296E}.Ad-Hoc|iPhone.Build.0 = Ad-Hoc|iPhone
		{741F9201-BF71-45C4-8088-860C33EB296E}.Ad-Hoc|iPhone.Deploy.0 = Ad-Hoc|iPhone
		{741F9201-BF71-45C4-8088-860C33EB296E}.Ad-Hoc|iPhoneSimulator.ActiveCfg = Ad-Hoc|iPhoneSimulator
		{741F9201-BF71-45C4-8088-860C33EB296E}.Ad-Hoc|iPhoneSimulator.Build.0 = Ad-Hoc|iPhoneSimulator
		{741F9201-BF71-45C4-8088-860C33EB296E}.Ad-Hoc|iPhoneSimulator.Deploy.0 = Ad-Hoc|iPhoneSimulator
		{741F9201-BF71-45C4-8088-860C33EB296E}.AppStore|Any CPU.ActiveCfg = AppStore|iPhone
		{741F9201-BF71-45C4-8088-860C33EB296E}.AppStore|Any CPU.Build.0 = AppStore|iPhone
		{741F9201-BF71-45C4-8088-860C33EB296E}.AppStore|Any CPU.Deploy.0 = AppStore|iPhone
		{741F9201-BF71-45C4-8088-860C33EB296E}.AppStore|iPhone.ActiveCfg = AppStore|iPhone
		{741F9201-BF71-45C4-8088-860C33EB296E}.AppStore|iPhone.Build.0 = AppStore|iPhone
		{741F9201-BF71-45C4-8088-860C33EB296E}.AppStore|iPhone.Deploy.0 = AppStore|iPhone
		{741F9201-BF71-45C4-8088-860C33EB296E}.AppStore|iPhoneSimulator.ActiveCfg = AppStore|iPhoneSimulator
		{741F9201-BF71-45C4-8088-860C33EB296E}.AppStore|iPhoneSimulator.Build.0 = AppStore|iPhoneSimulator
		{741F9201-BF71-45C4-8088-860C33EB296E}.AppStore|iPhoneSimulator.Deploy.0 = AppStore|iPhoneSimulator
		{741F9201-BF71-45C4-8088-860C33EB296E}.Debug|Any CPU.ActiveCfg = Debug|iPhoneSimulator
		{741F9201-BF71-45C4-8088-860C33EB296E}.Debug|Any CPU.Build.0 = Debug|iPhoneSimulator
		{741F9201-BF71-45C4-8088-860C33EB296E}.Debug|Any CPU.Deploy.0 = Debug|iPhoneSimulator
		{741F9201-BF71-45C4-8088-860C33EB296E}.Debug|iPhone.ActiveCfg = Debug|iPhone
		{741F9201-BF71-45C4-8088-860C33EB296E}.Debug|iPhone.Build.0 = Debug|iPhone
		{741F9201-BF71-45C4-8088-860C33EB296E}.Debug|iPhone.Deploy.0 = Debug|iPhone
		{741F9201-BF71-45C4-8088-860C33EB296E}.Debug|iPhoneSimulator.ActiveCfg = Debug|iPhoneSimulator
		{741F9201-BF71-45C4-8088-860C33EB296E}.Debug|iPhoneSimulator.Build.0 = Debug|iPhoneSimulator
		{741F9201-BF71-45C4-8088-860C33EB296E}.Debug|iPhoneSimulator.Deploy.0 = Debug|iPhoneSimulator
		{741F9201-BF71-45C4-8088-860C33EB296E}.Release|Any CPU.ActiveCfg = Release|iPhone
		{741F9201-BF71-45C4-8088-860C33EB296E}.Release|Any CPU.Build.0 = Release|iPhone
		{741F9201-BF71-45C4-8088-860C33EB296E}.Release|Any CPU.Deploy.0 = Release|iPhone
		{741F9201-BF71-45C4-8088-860C33EB296E}.Release|iPhone.ActiveCfg = Release|iPhone
		{741F9201-BF71-45C4-8088-860C33EB296E}.Release|iPhone.Build.0 = Release|iPhone
		{741F9201-BF71-45C4-8088-860C33EB296E}.Release|iPhone.Deploy.0 = Release|iPhone
		{741F9201-BF71-45C4-8088-860C33EB296E}.Release|iPhoneSimulator.ActiveCfg = Release|iPhoneSimulator
		{741F9201-BF71-45C4-8088-860C33EB296E}.Release|iPhoneSimulator.Build.0 = Release|iPhoneSimulator
		{741F9201-BF71-45C4-8088-860C33EB296E}.Release|iPhoneSimulator.Deploy.0 = Release|iPhoneSimulator
		{77DB427C-AABD-40D7-9466-AEB596A7249F}.Ad-Hoc|Any CPU.ActiveCfg = Debug|Any CPU
		{77DB427C-AABD-40D7-9466-AEB596A7249F}.Ad-Hoc|Any CPU.Build.0 = Debug|Any CPU
		{77DB427C-AABD-40D7-9466-AEB596A7249F}.Ad-Hoc|Any CPU.Deploy.0 = Debug|Any CPU
		{77DB427C-AABD-40D7-9466-AEB596A7249F}.Ad-Hoc|iPhone.ActiveCfg = Debug|Any CPU
		{77DB427C-AABD-40D7-9466-AEB596A7249F}.Ad-Hoc|iPhone.Build.0 = Debug|Any CPU
		{77DB427C-AABD-40D7-9466-AEB596A7249F}.Ad-Hoc|iPhone.Deploy.0 = Debug|Any CPU
		{77DB427C-AABD-40D7-9466-AEB596A7249F}.Ad-Hoc|iPhoneSimulator.ActiveCfg = Debug|Any CPU
		{77DB427C-AABD-40D7-9466-AEB596A7249F}.Ad-Hoc|iPhoneSimulator.Build.0 = Debug|Any CPU
		{77DB427C-AABD-40D7-9466-AEB596A7249F}.Ad-Hoc|iPhoneSimulator.Deploy.0 = Debug|Any CPU
		{77DB427C-AABD-40D7-9466-AEB596A7249F}.AppStore|Any CPU.ActiveCfg = Debug|Any CPU
		{77DB427C-AABD-40D7-9466-AEB596A7249F}.AppStore|Any CPU.Build.0 = Debug|Any CPU
		{77DB427C-AABD-40D7-9466-AEB596A7249F}.AppStore|Any CPU.Deploy.0 = Debug|Any CPU
		{77DB427C-AABD-40D7-9466-AEB596A7249F}.AppStore|iPhone.ActiveCfg = Debug|Any CPU
		{77DB427C-AABD-40D7-9466-AEB596A7249F}.AppStore|iPhone.Build.0 = Debug|Any CPU
		{77DB427C-AABD-40D7-9466-AEB596A7249F}.AppStore|iPhone.Deploy.0 = Debug|Any CPU
		{77DB427C-AABD-40D7-9466-AEB596A7249F}.AppStore|iPhoneSimulator.ActiveCfg = Debug|Any CPU
		{77DB427C-AABD-40D7-9466-AEB596A7249F}.AppStore|iPhoneSimulator.Build.0 = Debug|Any CPU
		{77DB427C-AABD-40D7-9466-AEB596A7249F}.AppStore|iPhoneSimulator.Deploy.0 = Debug|Any CPU
		{77DB427C-AABD-40D7-9466-AEB596A7249F}.Debug|Any CPU.ActiveCfg = Debug|Any CPU
		{77DB427C-AABD-40D7-9466-AEB596A7249F}.Debug|Any CPU.Build.0 = Debug|Any CPU
		{77DB427C-AABD-40D7-9466-AEB596A7249F}.Debug|Any CPU.Deploy.0 = Debug|Any CPU
		{77DB427C-AABD-40D7-9466-AEB596A7249F}.Debug|iPhone.ActiveCfg = Debug|Any CPU
		{77DB427C-AABD-40D7-9466-AEB596A7249F}.Debug|iPhone.Build.0 = Debug|Any CPU
		{77DB427C-AABD-40D7-9466-AEB596A7249F}.Debug|iPhone.Deploy.0 = Debug|Any CPU
		{77DB427C-AABD-40D7-9466-AEB596A7249F}.Debug|iPhoneSimulator.ActiveCfg = Debug|Any CPU
		{77DB427C-AABD-40D7-9466-AEB596A7249F}.Debug|iPhoneSimulator.Build.0 = Debug|Any CPU
		{77DB427C-AABD-40D7-9466-AEB596A7249F}.Debug|iPhoneSimulator.Deploy.0 = Debug|Any CPU
		{77DB427C-AABD-40D7-9466-AEB596A7249F}.Release|Any CPU.ActiveCfg = Release|Any CPU
		{77DB427C-AABD-40D7-9466-AEB596A7249F}.Release|Any CPU.Build.0 = Release|Any CPU
		{77DB427C-AABD-40D7-9466-AEB596A7249F}.Release|Any CPU.Deploy.0 = Release|Any CPU
		{77DB427C-AABD-40D7-9466-AEB596A7249F}.Release|iPhone.ActiveCfg = Release|Any CPU
		{77DB427C-AABD-40D7-9466-AEB596A7249F}.Release|iPhone.Build.0 = Release|Any CPU
		{77DB427C-AABD-40D7-9466-AEB596A7249F}.Release|iPhone.Deploy.0 = Release|Any CPU
		{77DB427C-AABD-40D7-9466-AEB596A7249F}.Release|iPhoneSimulator.ActiveCfg = Release|Any CPU
		{77DB427C-AABD-40D7-9466-AEB596A7249F}.Release|iPhoneSimulator.Build.0 = Release|Any CPU
		{77DB427C-AABD-40D7-9466-AEB596A7249F}.Release|iPhoneSimulator.Deploy.0 = Release|Any CPU
	EndGlobalSection
	GlobalSection(SolutionProperties) = preSolution
		HideSolutionNode = FALSE
	EndGlobalSection
	GlobalSection(ExtensibilityGlobals) = postSolution
		SolutionGuid = {158BAB23-0FC7-4F9A-9A84-5AF1A1F9968E}
	EndGlobalSection
EndGlobal
